{
    "_meta": {
        "hash": {
            "sha256": "892cd7633e6c4cfb4b6244e33f993b879712a07c3dc5afbe2dff0706c235c442"
        },
        "pipfile-spec": 6,
        "requires": {
            "python_version": "3.7"
        },
        "sources": [
            {
                "name": "pypi",
                "url": "https://pypi.org/simple",
                "verify_ssl": true
            }
        ]
    },
    "default": {
        "pymata-express": {
            "hashes": [
                "sha256:694667d893e59305788b78f442db86d814a36c2d431532e94b78f8724798f205",
                "sha256:c21bab03b5523edf41855b587e58c6c7cc0869be52fb897e85b46281a7bd2bd6"
            ],
            "index": "pypi",
            "version": "==1.4"
        },
        "pyserial": {
            "hashes": [
                "sha256:6e2d401fdee0eab996cf734e67773a0143b932772ca8b42451440cfed942c627",
                "sha256:e0770fadba80c31013896c7e6ef703f72e7834965954a78e71a3049488d4d7d8"
            ],
            "version": "==3.4"
        }
    },
    "develop": {}
}
